// !$*UTF8*$!
{
	archiveVersion = 1;
	classes = {
	};
	objectVersion = 56;
	objects = {

/* Begin PBXBuildFile section */
		84AD98832C8DD2ED0052F5DE /* TaxMateApp.swift in Sources */ = {isa = PBXBuildFile; fileRef = 84AD98822C8DD2ED0052F5DE /* TaxMateApp.swift */; };
		84AD98852C8DD2ED0052F5DE /* ContentView.swift in Sources */ = {isa = PBXBuildFile; fileRef = 84AD98842C8DD2ED0052F5DE /* ContentView.swift */; };
		84AD98872C8DD2F00052F5DE /* Assets.xcassets in Resources */ = {isa = PBXBuildFile; fileRef = 84AD98862C8DD2F00052F5DE /* Assets.xcassets */; };
		84AD988A2C8DD2F00052F5DE /* Preview Assets.xcassets in Resources */ = {isa = PBXBuildFile; fileRef = 84AD98892C8DD2F00052F5DE /* Preview Assets.xcassets */; };
		84AD98912C8DD3060052F5DE /* ProfileView.swift in Sources */ = {isa = PBXBuildFile; fileRef = 84AD98902C8DD3060052F5DE /* ProfileView.swift */; };
		84AD98932C8DD31D0052F5DE /* FinancialHealthView.swift in Sources */ = {isa = PBXBuildFile; fileRef = 84AD98922C8DD31D0052F5DE /* FinancialHealthView.swift */; };
		84AD98952C8DD3390052F5DE /* ProgressTrackerView.swift in Sources */ = {isa = PBXBuildFile; fileRef = 84AD98942C8DD3390052F5DE /* ProgressTrackerView.swift */; };
		84AD98972C8DD3500052F5DE /* FeaturesView.swift in Sources */ = {isa = PBXBuildFile; fileRef = 84AD98962C8DD3500052F5DE /* FeaturesView.swift */; };
		84AD98992C8DD3620052F5DE /* FAQView.swift in Sources */ = {isa = PBXBuildFile; fileRef = 84AD98982C8DD3620052F5DE /* FAQView.swift */; };
/* End PBXBuildFile section */

/* Begin PBXFileReference section */
		84AD987F2C8DD2ED0052F5DE /* TaxMate.app */ = {isa = PBXFileReference; explicitFileType = wrapper.application; includeInIndex = 0; path = TaxMate.app; sourceTree = BUILT_PRODUCTS_DIR; };
		84AD98822C8DD2ED0052F5DE /* TaxMateApp.swift */ = {isa = PBXFileReference; lastKnownFileType = sourcecode.swift; path = TaxMateApp.swift; sourceTree = "<group>"; };
		84AD98842C8DD2ED0052F5DE /* ContentView.swift */ = {isa = PBXFileReference; lastKnownFileType = sourcecode.swift; path = ContentView.swift; sourceTree = "<group>"; };
		84AD98862C8DD2F00052F5DE /* Assets.xcassets */ = {isa = PBXFileReference; lastKnownFileType = folder.assetcatalog; path = Assets.xcassets; sourceTree = "<group>"; };
		84AD98892C8DD2F00052F5DE /* Preview Assets.xcassets */ = {isa = PBXFileReference; lastKnownFileType = folder.assetcatalog; path = "Preview Assets.xcassets"; sourceTree = "<group>"; };
		84AD98902C8DD3060052F5DE /* ProfileView.swift */ = {isa = PBXFileReference; lastKnownFileType = sourcecode.swift; path = ProfileView.swift; sourceTree = "<group>"; };
		84AD98922C8DD31D0052F5DE /* FinancialHealthView.swift */ = {isa = PBXFileReference; lastKnownFileType = sourcecode.swift; path = FinancialHealthView.swift; sourceTree = "<group>"; };
		84AD98942C8DD3390052F5DE /* ProgressTrackerView.swift */ = {isa = PBXFileReference; lastKnownFileType = sourcecode.swift; path = ProgressTrackerView.swift; sourceTree = "<group>"; };
		84AD98962C8DD3500052F5DE /* FeaturesView.swift */ = {isa = PBXFileReference; lastKnownFileType = sourcecode.swift; path = FeaturesView.swift; sourceTree = "<group>"; };
		84AD98982C8DD3620052F5DE /* FAQView.swift */ = {isa = PBXFileReference; lastKnownFileType = sourcecode.swift; path = FAQView.swift; sourceTree = "<group>"; };
/* End PBXFileReference section */

/* Begin PBXFrameworksBuildPhase section */
		84AD987C2C8DD2ED0052F5DE /* Frameworks */ = {
			isa = PBXFrameworksBuildPhase;
			buildActionMask = 2147483647;
			files = (
			);
			runOnlyForDeploymentPostprocessing = 0;
		};
/* End PBXFrameworksBuildPhase section */

/* Begin PBXGroup section */
		84AD98762C8DD2ED0052F5DE = {
			isa = PBXGroup;
			children = (
				84AD98812C8DD2ED0052F5DE /* TaxMate */,
				84AD98802C8DD2ED0052F5DE /* Products */,
			);
			sourceTree = "<group>";
		};
		84AD98802C8DD2ED0052F5DE /* Products */ = {
			isa = PBXGroup;
			children = (
				84AD987F2C8DD2ED0052F5DE /* TaxMate.app */,
			);
			name = Products;
			sourceTree = "<group>";
		};
		84AD98812C8DD2ED0052F5DE /* TaxMate */ = {
			isa = PBXGroup;
			children = (
				84AD98822C8DD2ED0052F5DE /* TaxMateApp.swift */,
				84AD98842C8DD2ED0052F5DE /* ContentView.swift */,
				84AD98902C8DD3060052F5DE /* ProfileView.swift */,
				84AD98922C8DD31D0052F5DE /* FinancialHealthView.swift */,
				84AD98942C8DD3390052F5DE /* ProgressTrackerView.swift */,
				84AD98962C8DD3500052F5DE /* FeaturesView.swift */,
				84AD98982C8DD3620052F5DE /* FAQView.swift */,
				84AD98862C8DD2F00052F5DE /* Assets.xcassets */,
				84AD98882C8DD2F00052F5DE /* Preview Content */,
			);
			path = TaxMate;
			sourceTree = "<group>";
		};
		84AD98882C8DD2F00052F5DE /* Preview Content */ = {
			isa = PBXGroup;
			children = (
				84AD98892C8DD2F00052F5DE /* Preview Assets.xcassets */,
			);
			path = "Preview Content";
			sourceTree = "<group>";
		};
/* End PBXGroup section */

/* Begin PBXNativeTarget section */
		84AD987E2C8DD2ED0052F5DE /* TaxMate */ = {
			isa = PBXNativeTarget;
			buildConfigurationList = 84AD988D2C8DD2F00052F5DE /* Build configuration list for PBXNativeTarget "TaxMate" */;
			buildPhases = (
				84AD987B2C8DD2ED0052F5DE /* Sources */,
				84AD987C2C8DD2ED0052F5DE /* Frameworks */,
				84AD987D2C8DD2ED0052F5DE /* Resources */,
			);
			buildRules = (
			);
			dependencies = (
			);
			name = TaxMate;
			productName = TaxMate;
			productReference = 84AD987F2C8DD2ED0052F5DE /* TaxMate.app */;
			productType = "com.apple.product-type.application";
		};
/* End PBXNativeTarget section */

/* Begin PBXProject section */
		84AD98772C8DD2ED0052F5DE /* Project object */ = {
			isa = PBXProject;
			attributes = {
				BuildIndependentTargetsInParallel = 1;
				LastSwiftUpdateCheck = 1540;
				LastUpgradeCheck = 1540;
				TargetAttributes = {
					84AD987E2C8DD2ED0052F5DE = {
						CreatedOnToolsVersion = 15.4;
					};
				};
			};
			buildConfigurationList = 84AD987A2C8DD2ED0052F5DE /* Build configuration list for PBXProject "TaxMate" */;
			compatibilityVersion = "Xcode 14.0";
			developmentRegion = en;
			hasScannedForEncodings = 0;
			knownRegions = (
				en,
				Base,
			);
			mainGroup = 84AD98762C8DD2ED0052F5DE;
			productRefGroup = 84AD98802C8DD2ED0052F5DE /* Products */;
			projectDirPath = "";
			projectRoot = "";
			targets = (
				84AD987E2C8DD2ED0052F5DE /* TaxMate */,
			);
		};
/* End PBXProject section */

/* Begin PBXResourcesBuildPhase section */
		84AD987D2C8DD2ED0052F5DE /* Resources */ = {
			isa = PBXResourcesBuildPhase;
			buildActionMask = 2147483647;
			files = (
				84AD988A2C8DD2F00052F5DE /* Preview Assets.xcassets in Resources */,
				84AD98872C8DD2F00052F5DE /* Assets.xcassets in Resources */,
			);
			runOnlyForDeploymentPostprocessing = 0;
		};
/* End PBXResourcesBuildPhase section */

/* Begin PBXSourcesBuildPhase section */
		84AD987B2C8DD2ED0052F5DE /* Sources */ = {
			isa = PBXSourcesBuildPhase;
			buildActionMask = 2147483647;
			files = (
				84AD98852C8DD2ED0052F5DE /* ContentView.swift in Sources */,
				84AD98912C8DD3060052F5DE /* ProfileView.swift in Sources */,
				84AD98932C8DD31D0052F5DE /* FinancialHealthView.swift in Sources */,
				84AD98832C8DD2ED0052F5DE /* TaxMateApp.swift in Sources */,
				84AD98992C8DD3620052F5DE /* FAQView.swift in Sources */,
				84AD98952C8DD3390052F5DE /* ProgressTrackerView.swift in Sources */,
				84AD98972C8DD3500052F5DE /* FeaturesView.swift in Sources */,
			);
			runOnlyForDeploymentPostprocessing = 0;
		};
/* End PBXSourcesBuildPhase section */

/* Begin XCBuildConfiguration section */
		84AD988B2C8DD2F00052F5DE /* Debug */ = {
			isa = XCBuildConfiguration;
			buildSettings = {
				ALWAYS_SEARCH_USER_PATHS = NO;
				ASSETCATALOG_COMPILER_GENERATE_SWIFT_ASSET_SYMBOL_EXTENSIONS = YES;
				CLANG_ANALYZER_NONNULL = YES;
				CLANG_ANALYZER_NUMBER_OBJECT_CONVERSION = YES_AGGRESSIVE;
				CLANG_CXX_LANGUAGE_STANDARD = "gnu++20";
				CLANG_ENABLE_MODULES = YES;
				CLANG_ENABLE_OBJC_ARC = YES;
				CLANG_ENABLE_OBJC_WEAK = YES;
				CLANG_WARN_BLOCK_CAPTURE_AUTORELEASING = YES;
				CLANG_WARN_BOOL_CONVERSION = YES;
				CLANG_WARN_COMMA = YES;
				CLANG_WARN_CONSTANT_CONVERSION = YES;
				CLANG_WARN_DEPRECATED_OBJC_IMPLEMENTATIONS = YES;
				CLANG_WARN_DIRECT_OBJC_ISA_USAGE = YES_ERROR;
				CLANG_WARN_DOCUMENTATION_COMMENTS = YES;
				CLANG_WARN_EMPTY_BODY = YES;
				CLANG_WARN_ENUM_CONVERSION = YES;
				CLANG_WARN_INFINITE_RECURSION = YES;
				CLANG_WARN_INT_CONVERSION = YES;
				CLANG_WARN_NON_LITERAL_NULL_CONVERSION = YES;
				CLANG_WARN_OBJC_IMPLICIT_RETAIN_SELF = YES;
				CLANG_WARN_OBJC_LITERAL_CONVERSION = YES;
				CLANG_WARN_OBJC_ROOT_CLASS = YES_ERROR;
				CLANG_WARN_QUOTED_INCLUDE_IN_FRAMEWORK_HEADER = YES;
				CLANG_WARN_RANGE_LOOP_ANALYSIS = YES;
				CLANG_WARN_STRICT_PROTOTYPES = YES;
				CLANG_WARN_SUSPICIOUS_MOVE = YES;
				CLANG_WARN_UNGUARDED_AVAILABILITY = YES_AGGRESSIVE;
				CLANG_WARN_UNREACHABLE_CODE = YES;
				CLANG_WARN__DUPLICATE_METHOD_MATCH = YES;
				COPY_PHASE_STRIP = NO;
				DEBUG_INFORMATION_FORMAT = dwarf;
				ENABLE_STRICT_OBJC_MSGSEND = YES;
				ENABLE_TESTABILITY = YES;
				ENABLE_USER_SCRIPT_SANDBOXING = YES;
				GCC_C_LANGUAGE_STANDARD = gnu17;
				GCC_DYNAMIC_NO_PIC = NO;
				GCC_NO_COMMON_BLOCKS = YES;
				GCC_OPTIMIZATION_LEVEL = 0;
				GCC_PREPROCESSOR_DEFINITIONS = (
					"DEBUG=1",
					"$(inherited)",
				);
				GCC_WARN_64_TO_32_BIT_CONVERSION = YES;
				GCC_WARN_ABOUT_RETURN_TYPE = YES_ERROR;
				GCC_WARN_UNDECLARED_SELECTOR = YES;
				GCC_WARN_UNINITIALIZED_AUTOS = YES_AGGRESSIVE;
				GCC_WARN_UNUSED_FUNCTION = YES;
				GCC_WARN_UNUSED_VARIABLE = YES;
				IPHONEOS_DEPLOYMENT_TARGET = 17.5;
				LOCALIZATION_PREFERS_STRING_CATALOGS = YES;
				MTL_ENABLE_DEBUG_INFO = INCLUDE_SOURCE;
				MTL_FAST_MATH = YES;
				ONLY_ACTIVE_ARCH = YES;
				SDKROOT = iphoneos;
				SWIFT_ACTIVE_COMPILATION_CONDITIONS = "DEBUG $(inherited)";
				SWIFT_OPTIMIZATION_LEVEL = "-Onone";
			};
			name = Debug;
		};
		84AD988C2C8DD2F00052F5DE /* Release */ = {
			isa = XCBuildConfiguration;
			buildSettings = {
				ALWAYS_SEARCH_USER_PATHS = NO;
				ASSETCATALOG_COMPILER_GENERATE_SWIFT_ASSET_SYMBOL_EXTENSIONS = YES;
				CLANG_ANALYZER_NONNULL = YES;
				CLANG_ANALYZER_NUMBER_OBJECT_CONVERSION = YES_AGGRESSIVE;
				CLANG_CXX_LANGUAGE_STANDARD = "gnu++20";
				CLANG_ENABLE_MODULES = YES;
				CLANG_ENABLE_OBJC_ARC = YES;
				CLANG_ENABLE_OBJC_WEAK = YES;
				CLANG_WARN_BLOCK_CAPTURE_AUTORELEASING = YES;
				CLANG_WARN_BOOL_CONVERSION = YES;
				CLANG_WARN_COMMA = YES;
				CLANG_WARN_CONSTANT_CONVERSION = YES;
				CLANG_WARN_DEPRECATED_OBJC_IMPLEMENTATIONS = YES;
				CLANG_WARN_DIRECT_OBJC_ISA_USAGE = YES_ERROR;
				CLANG_WARN_DOCUMENTATION_COMMENTS = YES;
				CLANG_WARN_EMPTY_BODY = YES;
				CLANG_WARN_ENUM_CONVERSION = YES;
				CLANG_WARN_INFINITE_RECURSION = YES;
				CLANG_WARN_INT_CONVERSION = YES;
				CLANG_WARN_NON_LITERAL_NULL_CONVERSION = YES;
				CLANG_WARN_OBJC_IMPLICIT_RETAIN_SELF = YES;
				CLANG_WARN_OBJC_LITERAL_CONVERSION = YES;
				CLANG_WARN_OBJC_ROOT_CLASS = YES_ERROR;
				CLANG_WARN_QUOTED_INCLUDE_IN_FRAMEWORK_HEADER = YES;
				CLANG_WARN_RANGE_LOOP_ANALYSIS = YES;
				CLANG_WARN_STRICT_PROTOTYPES = YES;
				CLANG_WARN_SUSPICIOUS_MOVE = YES;
				CLANG_WARN_UNGUARDED_AVAILABILITY = YES_AGGRESSIVE;
				CLANG_WARN_UNREACHABLE_CODE = YES;
				CLANG_WARN__DUPLICATE_METHOD_MATCH = YES;
				COPY_PHASE_STRIP = NO;
				DEBUG_INFORMATION_FORMAT = "dwarf-with-dsym";
				ENABLE_NS_ASSERTIONS = NO;
				ENABLE_STRICT_OBJC_MSGSEND = YES;
				ENABLE_USER_SCRIPT_SANDBOXING = YES;
				GCC_C_LANGUAGE_STANDARD = gnu17;
				GCC_NO_COMMON_BLOCKS = YES;
				GCC_WARN_64_TO_32_BIT_CONVERSION = YES;
				GCC_WARN_ABOUT_RETURN_TYPE = YES_ERROR;
				GCC_WARN_UNDECLARED_SELECTOR = YES;
				GCC_WARN_UNINITIALIZED_AUTOS = YES_AGGRESSIVE;
				GCC_WARN_UNUSED_FUNCTION = YES;
				GCC_WARN_UNUSED_VARIABLE = YES;
				IPHONEOS_DEPLOYMENT_TARGET = 17.5;
				LOCALIZATION_PREFERS_STRING_CATALOGS = YES;
				MTL_ENABLE_DEBUG_INFO = NO;
				MTL_FAST_MATH = YES;
				SDKROOT = iphoneos;
				SWIFT_COMPILATION_MODE = wholemodule;
				VALIDATE_PRODUCT = YES;
			};
			name = Release;
		};
		84AD988E2C8DD2F00052F5DE /* Debug */ = {
			isa = XCBuildConfiguration;
			buildSettings = {
				ASSETCATALOG_COMPILER_APPICON_NAME = AppIcon;
				ASSETCATALOG_COMPILER_GLOBAL_ACCENT_COLOR_NAME = AccentColor;
				CODE_SIGN_STYLE = Automatic;
				CURRENT_PROJECT_VERSION = 1;
				DEVELOPMENT_ASSET_PATHS = "\"TaxMate/Preview Content\"";
				DEVELOPMENT_TEAM = JJJQ52UXNK;
				ENABLE_PREVIEWS = YES;
				GENERATE_INFOPLIST_FILE = YES;
				INFOPLIST_KEY_UIApplicationSceneManifest_Generation = YES;
				INFOPLIST_KEY_UIApplicationSupportsIndirectInputEvents = YES;
				INFOPLIST_KEY_UILaunchScreen_Generation = YES;
				INFOPLIST_KEY_UISupportedInterfaceOrientations_iPad = "UIInterfaceOrientationPortrait UIInterfaceOrientationPortraitUpsideDown UIInterfaceOrientationLandscapeLeft UIInterfaceOrientationLandscapeRight";
				INFOPLIST_KEY_UISupportedInterfaceOrientations_iPhone = "UIInterfaceOrientationPortrait UIInterfaceOrientationLandscapeLeft UIInterfaceOrientationLandscapeRight";
				LD_RUNPATH_SEARCH_PATHS = (
					"$(inherited)",
					"@executable_path/Frameworks",
				);
				MARKETING_VERSION = 1.0;
				PRODUCT_BUNDLE_IDENTIFIER = vu.com.sushil.TaxMate;
				PRODUCT_NAME = "$(TARGET_NAME)";
				SWIFT_EMIT_LOC_STRINGS = YES;
				SWIFT_VERSION = 5.0;
				TARGETED_DEVICE_FAMILY = "1,2";
			};
			name = Debug;
		};
		84AD988F2C8DD2F00052F5DE /* Release */ = {
			isa = XCBuildConfiguration;
			buildSettings = {
				ASSETCATALOG_COMPILER_APPICON_NAME = AppIcon;
				ASSETCATALOG_COMPILER_GLOBAL_ACCENT_COLOR_NAME = AccentColor;
				CODE_SIGN_STYLE = Automatic;
				CURRENT_PROJECT_VERSION = 1;
				DEVELOPMENT_ASSET_PATHS = "\"TaxMate/Preview Content\"";
				DEVELOPMENT_TEAM = JJJQ52UXNK;
				ENABLE_PREVIEWS = YES;
				GENERATE_INFOPLIST_FILE = YES;
				INFOPLIST_KEY_UIApplicationSceneManifest_Generation = YES;
				INFOPLIST_KEY_UIApplicationSupportsIndirectInputEvents = YES;
				INFOPLIST_KEY_UILaunchScreen_Generation = YES;
				INFOPLIST_KEY_UISupportedInterfaceOrientations_iPad = "UIInterfaceOrientationPortrait UIInterfaceOrientationPortraitUpsideDown UIInterfaceOrientationLandscapeLeft UIInterfaceOrientationLandscapeRight";
				INFOPLIST_KEY_UISupportedInterfaceOrientations_iPhone = "UIInterfaceOrientationPortrait UIInterfaceOrientationLandscapeLeft UIInterfaceOrientationLandscapeRight";
				LD_RUNPATH_SEARCH_PATHS = (
					"$(inherited)",
					"@executable_path/Frameworks",
				);
				MARKETING_VERSION = 1.0;
				PRODUCT_BUNDLE_IDENTIFIER = vu.com.sushil.TaxMate;
				PRODUCT_NAME = "$(TARGET_NAME)";
				SWIFT_EMIT_LOC_STRINGS = YES;
				SWIFT_VERSION = 5.0;
				TARGETED_DEVICE_FAMILY = "1,2";
			};
			name = Release;
		};
/* End XCBuildConfiguration section */

/* Begin XCConfigurationList section */
		84AD987A2C8DD2ED0052F5DE /* Build configuration list for PBXProject "TaxMate" */ = {
			isa = XCConfigurationList;
			buildConfigurations = (
				84AD988B2C8DD2F00052F5DE /* Debug */,
				84AD988C2C8DD2F00052F5DE /* Release */,
			);
			defaultConfigurationIsVisible = 0;
			defaultConfigurationName = Release;
		};
		84AD988D2C8DD2F00052F5DE /* Build configuration list for PBXNativeTarget "TaxMate" */ = {
			isa = XCConfigurationList;
			buildConfigurations = (
				84AD988E2C8DD2F00052F5DE /* Debug */,
				84AD988F2C8DD2F00052F5DE /* Release */,
			);
			defaultConfigurationIsVisible = 0;
			defaultConfigurationName = Release;
		};
/* End XCConfigurationList section */
	};
	rootObject = 84AD98772C8DD2ED0052F5DE /* Project object */;
}
